{
  "name": "digitalitems-gametests",
  "lockfileVersion": 3,
  "requires": true,
  "packages": {
    "": {
      "name": "digitalitems-gametests",
      "dependencies": {
        "@siredvin/cc-names": "0.3.0",
        "@siredvin/cc-utils": "0.1.0",
        "@siredvin/soteria": "0.1.0",
        "@siredvin/typed-peripheral-api": "0.2.2",
        "@siredvin/typed-peripheral-digitalitems": "file:../typed-peripheral-digitalitems",
        "@siredvin/typed-peripheral-tweakium": "0.2.1"
      },
      "devDependencies": {
        "@jackmacwindows/lua-types": "2.13.1",
        "@siredvin/api-types": "1.1.0",
        "@siredvin/cc-types": "1.1.0",
        "@siredvin/craftos-types": "1.2.0",
        "typescript": "5.7.2",
        "typescript-to-lua": "1.29.1"
      }
    },
    "../typed-peripheral-digitalitems": {
      "name": "@siredvin/typed-peripheral-digitalitems",
      "version": "0.2.1",
      "license": "MIT",
      "dependencies": {
        "@jackmacwindows/lua-types": "^2.13.1",
        "@siredvin/api-types": "^1.1.0",
        "@siredvin/cc-types": "^1.1.0",
        "@siredvin/craftos-types": "^1.2.0",
        "@siredvin/typed-peripheral-api": "*",
        "@siredvin/typed-peripheral-base": "*"
      },
      "devDependencies": {
        "typedoc": "0.28.20",
        "typescript": "5.7.2",
        "typescript-to-lua": "1.29.1"
      }
    },
    "node_modules/@jackmacwindows/lua-types": {
      "version": "2.13.1",
      "license": "MIT"
    },
    "node_modules/@siredvin/api-types": {
      "version": "1.1.0",
      "license": "MIT"
    },
    "node_modules/@siredvin/cc-names": {
      "version": "0.3.0",
      "license": "MIT"
    },
    "node_modules/@siredvin/cc-types": {
      "version": "1.1.0",
      "license": "MIT"
    },
    "node_modules/@siredvin/cc-utils": {
      "version": "0.1.0",
      "license": "MIT"
    },
    "node_modules/@siredvin/craftos-types": {
      "version": "1.2.0",
      "license": "MIT"
    },
    "node_modules/@siredvin/soteria": {
      "version": "0.1.0",
      "license": "MIT",
      "dependencies": {
        "@siredvin/typed-peripheral-api": "*"
      }
    },
    "node_modules/@siredvin/typed-peripheral-api": {
      "version": "0.2.2",
      "license": "MIT",
      "dependencies": {
        "@jackmacwindows/lua-types": "^2.13.1",
        "@siredvin/api-types": "^1.1.0",
        "@siredvin/cc-types": "^1.1.0",
        "@siredvin/craftos-types": "^1.2.0",
        "@siredvin/typed-peripheral-base": "*"
      }
    },
    "node_modules/@siredvin/typed-peripheral-base": {
      "version": "0.5.0",
      "license": "MIT",
      "dependencies": {
        "@jackmacwindows/lua-types": "^2.13.1",
        "@siredvin/api-types": "1.1.0",
        "@siredvin/cc-types": "1.1.0",
        "@siredvin/craftos-types": "1.2.0"
      }
    },
    "node_modules/@siredvin/typed-peripheral-digitalitems": {
      "resolved": "../typed-peripheral-digitalitems",
      "link": true
    },
    "node_modules/@siredvin/typed-peripheral-tweakium": {
      "version": "0.2.1",
      "license": "MIT",
      "dependencies": {
        "@jackmacwindows/lua-types": "^2.13.1",
        "@siredvin/api-types": "*",
        "@siredvin/cc-types": "*",
        "@siredvin/craftos-types": "*",
        "@siredvin/typed-peripheral-base": "*"
      }
    },
    "node_modules/@typescript-to-lua/language-extensions": {
      "version": "1.19.0",
      "dev": true,
      "license": "MIT"
    },
    "node_modules/enhanced-resolve": {
      "version": "5.8.2",
      "dev": true,
      "license": "MIT",
      "dependencies": {
        "graceful-fs": "^4.2.4",
        "tapable": "^2.2.0"
      },
      "engines": {
        "node": ">=10.13.0"
      }
    },
    "node_modules/es-errors": {
      "version": "1.3.0",
      "dev": true,
      "license": "MIT",
      "engines": {
        "node": ">= 0.4"
      }
    },
    "node_modules/function-bind": {
      "version": "1.1.2",
      "dev": true,
      "license": "MIT",
      "funding": {
        "url": "https://github.com/sponsors/ljharb"
      }
    },
    "node_modules/graceful-fs": {
      "version": "4.2.11",
      "dev": true,
      "license": "ISC"
    },
    "node_modules/hasown": {
      "version": "2.0.4",
      "dev": true,
      "license": "MIT",
      "dependencies": {
        "function-bind": "^1.1.2"
      },
      "engines": {
        "node": ">= 0.4"
      }
    },
    "node_modules/is-core-module": {
      "version": "2.16.2",
      "dev": true,
      "license": "MIT",
      "dependencies": {
        "hasown": "^2.0.3"
      },
      "engines": {
        "node": ">= 0.4"
      },
      "funding": {
        "url": "https://github.com/sponsors/ljharb"
      }
    },
    "node_modules/path-parse": {
      "version": "1.0.7",
      "dev": true,
      "license": "MIT"
    },
    "node_modules/picomatch": {
      "version": "2.3.2",
      "dev": true,
      "license": "MIT",
      "engines": {
        "node": ">=8.6"
      },
      "funding": {
        "url": "https://github.com/sponsors/jonschlinkert"
      }
    },
    "node_modules/resolve": {
      "version": "1.22.12",
      "dev": true,
      "license": "MIT",
      "dependencies": {
        "es-errors": "^1.3.0",
        "is-core-module": "^2.16.1",
        "path-parse": "^1.0.7",
        "supports-preserve-symlinks-flag": "^1.0.0"
      },
      "bin": {
        "resolve": "bin/resolve"
      },
      "engines": {
        "node": ">= 0.4"
      },
      "funding": {
        "url": "https://github.com/sponsors/ljharb"
      }
    },
    "node_modules/source-map": {
      "version": "0.7.6",
      "dev": true,
      "license": "BSD-3-Clause",
      "engines": {
        "node": ">= 12"
      }
    },
    "node_modules/supports-preserve-symlinks-flag": {
      "version": "1.0.0",
      "dev": true,
      "license": "MIT",
      "engines": {
        "node": ">= 0.4"
      },
      "funding": {
        "url": "https://github.com/sponsors/ljharb"
      }
    },
    "node_modules/tapable": {
      "version": "2.3.3",
      "dev": true,
      "license": "MIT",
      "engines": {
        "node": ">=6"
      },
      "funding": {
        "type": "opencollective",
        "url": "https://opencollective.com/webpack"
      }
    },
    "node_modules/typescript": {
      "version": "5.7.2",
      "dev": true,
      "license": "Apache-2.0",
      "bin": {
        "tsc": "bin/tsc",
        "tsserver": "bin/tsserver"
      },
      "engines": {
        "node": ">=14.17"
      }
    },
    "node_modules/typescript-to-lua": {
      "version": "1.29.1",
      "dev": true,
      "license": "MIT",
      "dependencies": {
        "@typescript-to-lua/language-extensions": "1.19.0",
        "enhanced-resolve": "5.8.2",
        "picomatch": "^2.3.1",
        "resolve": "^1.15.1",
        "source-map": "^0.7.3"
      },
      "bin": {
        "tstl": "dist/tstl.js"
      },
      "engines": {
        "node": ">=16.10.0"
      },
      "peerDependencies": {
        "typescript": "5.7.2"
      }
    }
  }
}
